
Microsoft Visual Studio Solution File, Format Version 12.00
# Visual Studio 14
VisualStudioVersion = 14.0.24720.0
MinimumVisualStudioVersion = 10.0.40219.1
Project("{FAE04EC0-301F-11D3-BF4B-00C04F79EFBC}") = "MECH423_Lab1", "MECH423_Lab1\MECH423_Lab1.csproj", "{F643C092-EAEE-4B4C-87E9-0F73537FBF96}"
EndProject
Global
	GlobalSection(SolutionConfigurationPlatforms) = preSolution
		Debug|Any CPU = Debug|Any CPU
		Release|Any CPU = Release|Any CPU
	EndGlobalSection
	GlobalSection(ProjectConfigurationPlatforms) = postSolution
		{F643C092-EAEE-4B4C-87E9-0F73537FBF96}.Debug|Any CPU.ActiveCfg = Debug|Any CPU
		{F643C092-EAEE-4B4C-87E9-0F73537FBF96}.Debug|Any CPU.Build.0 = Debug|Any CPU
		{F643C092-EAEE-4B4C-87E9-0F73537FBF96}.Release|Any CPU.ActiveCfg = Release|Any CPU
		{F643C092-EAEE-4B4C-87E9-0F73537FBF96}.Release|Any CPU.Build.0 = Release|Any CPU
	EndGlobalSection
	GlobalSection(SolutionProperties) = preSolution
		HideSolutionNode = FALSE
	EndGlobalSection
EndGlobal
